{
  "name": "my-reads",
  "version": "0.1.0",
  "lockfileVersion": 1,
  "requires": true,
  "dependencies": {
    "@types/node": {
      "version": "https://registry.npmjs.org/@types/node/-/node-8.0.49.tgz",
      "integrity": "sha1-QX+Gq0gpxin+Vhd57kh1Hg/ioRs=",
      "dev": true
    },
    "asap": {
      "version": "2.0.6",
      "resolved": "https://registry.npmjs.org/asap/-/asap-2.0.6.tgz",
      "integrity": "sha1-5QNHYR1+aQlDIIu9r+vLwvuGbUY="
    },
    "babel-runtime": {
      "version": "6.26.0",
      "resolved": "https://registry.npmjs.org/babel-runtime/-/babel-runtime-6.26.0.tgz",
      "integrity": "sha1-llxwWGaOgrVde/4E/yM3vItWR/4=",
      "requires": {
        "core-js": "2.5.1",
        "regenerator-runtime": "0.11.0"
      },
      "dependencies": {
        "core-js": {
          "version": "2.5.1",
          "resolved": "https://registry.npmjs.org/core-js/-/core-js-2.5.1.tgz",
          "integrity": "sha1-rmh03GaTd4m4B1T/VCjfZoGcpQs="
        }
      }
    },
    "boolbase": {
      "version": "1.0.0",
      "resolved": "https://registry.npmjs.org/boolbase/-/boolbase-1.0.0.tgz",
      "integrity": "sha1-aN/1++YMUes3cl6p4+0xDcwed24=",
      "dev": true
    },
    "brcast": {
      "version": "https://registry.npmjs.org/brcast/-/brcast-3.0.1.tgz",
      "integrity": "sha1-YlaoNJsg3p7tRCV6myTXFJPNSN0="
    },
    "chain-function": {
      "version": "https://registry.npmjs.org/chain-function/-/chain-function-1.0.0.tgz",
      "integrity": "sha1-DUqzfn4Y6tC9xHuSB2QRjOWHM9w="
    },
    "change-emitter": {
      "version": "https://registry.npmjs.org/change-emitter/-/change-emitter-0.1.6.tgz",
      "integrity": "sha1-6LL+PX8at9aaMhma/5HqaTFAlRU="
    },
    "cheerio": {
      "version": "https://registry.npmjs.org/cheerio/-/cheerio-1.0.0-rc.2.tgz",
      "integrity": "sha1-S59TqBsn5NXawxwP/Qz6A8xoMNs=",
      "dev": true,
      "requires": {
        "css-select": "1.2.0",
        "dom-serializer": "0.1.0",
        "entities": "1.1.1",
        "htmlparser2": "https://registry.npmjs.org/htmlparser2/-/htmlparser2-3.9.2.tgz",
        "lodash": "4.17.4",
        "parse5": "https://registry.npmjs.org/parse5/-/parse5-3.0.3.tgz"
      },
      "dependencies": {
        "dom-serializer": {
          "version": "0.1.0",
          "resolved": "https://registry.npmjs.org/dom-serializer/-/dom-serializer-0.1.0.tgz",
          "integrity": "sha1-BzxpdUbOB4DOI75KKOKT5AvDDII=",
          "dev": true,
          "requires": {
            "domelementtype": "1.1.3",
            "entities": "1.1.1"
          },
          "dependencies": {
            "domelementtype": {
              "version": "1.1.3",
              "resolved": "https://registry.npmjs.org/domelementtype/-/domelementtype-1.1.3.tgz",
              "integrity": "sha1-vSh3PiZCiBrsUVRJJCmcXNgiGFs=",
              "dev": true
            }
          }
        },
        "domhandler": {
          "version": "https://registry.npmjs.org/domhandler/-/domhandler-2.4.1.tgz",
          "integrity": "sha1-iS5HAAqZvlW783dP/qBWHYh5wlk=",
          "dev": true,
          "requires": {
            "domelementtype": "1.3.0"
          }
        },
        "domutils": {
          "version": "https://registry.npmjs.org/domutils/-/domutils-1.6.2.tgz",
          "integrity": "sha1-GVjMC0yUJuntNn+xyOhUiRsPo/8=",
          "dev": true,
          "requires": {
            "dom-serializer": "0.1.0",
            "domelementtype": "1.3.0"
          }
        },
        "entities": {
          "version": "1.1.1",
          "resolved": "https://registry.npmjs.org/entities/-/entities-1.1.1.tgz",
          "integrity": "sha1-blwtClYhtdra7O+AuQ7ftc13cvA=",
          "dev": true
        },
        "htmlparser2": {
          "version": "https://registry.npmjs.org/htmlparser2/-/htmlparser2-3.9.2.tgz",
          "integrity": "sha1-G9+HrMoPP55T+k/M6w9LTLsAszg=",
          "dev": true,
          "requires": {
            "domelementtype": "1.3.0",
            "domhandler": "https://registry.npmjs.org/domhandler/-/domhandler-2.4.1.tgz",
            "domutils": "https://registry.npmjs.org/domutils/-/domutils-1.6.2.tgz",
            "entities": "1.1.1",
            "inherits": "2.0.3",
            "readable-stream": "2.3.3"
          },
          "dependencies": {
            "inherits": {
              "version": "2.0.3",
              "resolved": "https://registry.npmjs.org/inherits/-/inherits-2.0.3.tgz",
              "integrity": "sha1-Yzwsg+PaQqUC9SRmAiSA9CCCYd4=",
              "dev": true
            },
            "readable-stream": {
              "version": "2.3.3",
              "resolved": "https://registry.npmjs.org/readable-stream/-/readable-stream-2.3.3.tgz",
              "integrity": "sha512-m+qzzcn7KUxEmd1gMbchF+Y2eIUbieUaxkWtptyHywrX0rE8QEYqPC07Vuy4Wm32/xE16NcdBctb8S0Xe/5IeQ==",
              "dev": true,
              "requires": {
                "core-util-is": "1.0.2",
                "inherits": "2.0.3",
                "isarray": "1.0.0",
                "process-nextick-args": "1.0.7",
                "safe-buffer": "5.1.1",
                "string_decoder": "1.0.3",
                "util-deprecate": "1.0.2"
              }
            }
          }
        },
        "parse5": {
          "version": "https://registry.npmjs.org/parse5/-/parse5-3.0.3.tgz",
          "integrity": "sha1-BC95L/3TaFFVHPTp4Gazh0q0W1w=",
          "dev": true,
          "requires": {
            "@types/node": "https://registry.npmjs.org/@types/node/-/node-8.0.49.tgz"
          }
        }
      }
    },
    "classnames": {
      "version": "https://registry.npmjs.org/classnames/-/classnames-2.2.5.tgz",
      "integrity": "sha1-+zgB1FNGdknvNgPH1hoCvRKb3m0="
    },
    "core-js": {
      "version": "1.2.7",
      "resolved": "https://registry.npmjs.org/core-js/-/core-js-1.2.7.tgz",
      "integrity": "sha1-ZSKUwUZR2yj6k70tX/KYOk8IxjY="
    },
    "core-util-is": {
      "version": "1.0.2",
      "resolved": "https://registry.npmjs.org/core-util-is/-/core-util-is-1.0.2.tgz",
      "integrity": "sha1-tf1UIgqivFq1eqtxQMlAdUUDwac=",
      "dev": true
    },
    "create-react-class": {
      "version": "https://registry.npmjs.org/create-react-class/-/create-react-class-15.6.2.tgz",
      "integrity": "sha1-zx7RXxKq1/FO9fLf4F5sQvke8Co=",
      "requires": {
        "fbjs": "0.8.16",
        "loose-envify": "1.3.1",
        "object-assign": "4.1.1"
      }
    },
    "css-select": {
      "version": "1.2.0",
      "resolved": "https://registry.npmjs.org/css-select/-/css-select-1.2.0.tgz",
      "integrity": "sha1-KzoRBTnFNV8c2NMUYj6HCxIeyFg=",
      "dev": true,
      "requires": {
        "boolbase": "1.0.0",
        "css-what": "2.1.0",
        "domutils": "1.5.1",
        "nth-check": "1.0.1"
      }
    },
    "css-vendor": {
      "version": "https://registry.npmjs.org/css-vendor/-/css-vendor-0.3.8.tgz",
      "integrity": "sha1-ZCHP0wNM5mT+dnOXL9ARn8KJQfo=",
      "requires": {
        "is-in-browser": "https://registry.npmjs.org/is-in-browser/-/is-in-browser-1.1.3.tgz"
      }
    },
    "css-what": {
      "version": "2.1.0",
      "resolved": "https://registry.npmjs.org/css-what/-/css-what-2.1.0.tgz",
      "integrity": "sha1-lGfQMsOM+u+58teVASUwYvh/ob0=",
      "dev": true
    },
    "deepmerge": {
      "version": "https://registry.npmjs.org/deepmerge/-/deepmerge-2.0.1.tgz",
      "integrity": "sha1-JcHCTxEPuRT4AAG5JSZN138/QxI="
    },
    "define-properties": {
      "version": "1.1.2",
      "resolved": "https://registry.npmjs.org/define-properties/-/define-properties-1.1.2.tgz",
      "integrity": "sha1-g6c/L+pWmJj7c3GTyPhzyvbUXJQ=",
      "dev": true,
      "requires": {
        "foreach": "2.0.5",
        "object-keys": "1.0.11"
      }
    },
    "discontinuous-range": {
      "version": "https://registry.npmjs.org/discontinuous-range/-/discontinuous-range-1.0.0.tgz",
      "integrity": "sha1-44Mx8IRLukm5qctxx3FYWqsbxlo=",
      "dev": true
    },
    "dom-helpers": {
      "version": "https://registry.npmjs.org/dom-helpers/-/dom-helpers-3.2.1.tgz",
      "integrity": "sha1-MgPgf+0he9H0JLAZc1WC/Deyglo="
    },
    "dom-serializer": {
      "version": "0.1.0",
      "resolved": "https://registry.npmjs.org/dom-serializer/-/dom-serializer-0.1.0.tgz",
      "integrity": "sha1-BzxpdUbOB4DOI75KKOKT5AvDDII=",
      "dev": true,
      "requires": {
        "domelementtype": "1.1.3",
        "entities": "1.1.1"
      },
      "dependencies": {
        "domelementtype": {
          "version": "1.1.3",
          "resolved": "https://registry.npmjs.org/domelementtype/-/domelementtype-1.1.3.tgz",
          "integrity": "sha1-vSh3PiZCiBrsUVRJJCmcXNgiGFs=",
          "dev": true
        }
      }
    },
    "dom-walk": {
      "version": "https://registry.npmjs.org/dom-walk/-/dom-walk-0.1.1.tgz",
      "integrity": "sha1-ZyIm3HTI95mtNTB9+TaroRrNYBg="
    },
    "domelementtype": {
      "version": "1.3.0",
      "resolved": "https://registry.npmjs.org/domelementtype/-/domelementtype-1.3.0.tgz",
      "integrity": "sha1-sXrtguirWeUt2cGbF1bg/BhyBMI=",
      "dev": true
    },
    "domutils": {
      "version": "1.5.1",
      "resolved": "https://registry.npmjs.org/domutils/-/domutils-1.5.1.tgz",
      "integrity": "sha1-3NhIiib1Y9YQeeSMn3t+Mjc2gs8=",
      "dev": true,
      "requires": {
        "dom-serializer": "0.1.0",
        "domelementtype": "1.3.0"
      }
    },
    "encoding": {
      "version": "0.1.12",
      "resolved": "https://registry.npmjs.org/encoding/-/encoding-0.1.12.tgz",
      "integrity": "sha1-U4tm8+5izRq1HsMjgp0flIDHS+s=",
      "requires": {
        "iconv-lite": "0.4.19"
      }
    },
    "entities": {
      "version": "1.1.1",
      "resolved": "https://registry.npmjs.org/entities/-/entities-1.1.1.tgz",
      "integrity": "sha1-blwtClYhtdra7O+AuQ7ftc13cvA=",
      "dev": true
    },
    "enzyme": {
      "version": "https://registry.npmjs.org/enzyme/-/enzyme-3.1.1.tgz",
      "integrity": "sha1-xpSN/M0FXXX72GJ60clqAk0OJHs=",
      "dev": true,
      "requires": {
        "cheerio": "https://registry.npmjs.org/cheerio/-/cheerio-1.0.0-rc.2.tgz",
        "function.prototype.name": "https://registry.npmjs.org/function.prototype.name/-/function.prototype.name-1.0.3.tgz",
        "is-subset": "https://registry.npmjs.org/is-subset/-/is-subset-0.1.1.tgz",
        "lodash": "4.17.4",
        "object-is": "https://registry.npmjs.org/object-is/-/object-is-1.0.1.tgz",
        "object.assign": "https://registry.npmjs.org/object.assign/-/object.assign-4.0.4.tgz",
        "object.entries": "https://registry.npmjs.org/object.entries/-/object.entries-1.0.4.tgz",
        "object.values": "https://registry.npmjs.org/object.values/-/object.values-1.0.4.tgz",
        "raf": "3.4.0",
        "rst-selector-parser": "https://registry.npmjs.org/rst-selector-parser/-/rst-selector-parser-2.2.3.tgz"
      }
    },
    "es-abstract": {
      "version": "1.9.0",
      "resolved": "https://registry.npmjs.org/es-abstract/-/es-abstract-1.9.0.tgz",
      "integrity": "sha512-kk3IJoKo7A3pWJc0OV8yZ/VEX2oSUytfekrJiqoxBlKJMFAJVJVpGdHClCCTdv+Fn2zHfpDHHIelMFhZVfef3Q==",
      "dev": true,
      "requires": {
        "es-to-primitive": "1.1.1",
        "function-bind": "1.1.1",
        "has": "1.0.1",
        "is-callable": "1.1.3",
        "is-regex": "1.0.4"
      }
    },
    "es-to-primitive": {
      "version": "1.1.1",
      "resolved": "https://registry.npmjs.org/es-to-primitive/-/es-to-primitive-1.1.1.tgz",
      "integrity": "sha1-RTVSSKiJeQNLZ5Lhm7gfK3l13Q0=",
      "dev": true,
      "requires": {
        "is-callable": "1.1.3",
        "is-date-object": "1.0.1",
        "is-symbol": "1.0.1"
      }
    },
    "fbjs": {
      "version": "0.8.16",
      "resolved": "https://registry.npmjs.org/fbjs/-/fbjs-0.8.16.tgz",
      "integrity": "sha1-XmdDL1UNxBtXK/VYR7ispk5TN9s=",
      "requires": {
        "core-js": "1.2.7",
        "isomorphic-fetch": "2.2.1",
        "loose-envify": "1.3.1",
        "object-assign": "4.1.1",
        "promise": "7.3.1",
        "setimmediate": "1.0.5",
        "ua-parser-js": "0.7.17"
      }
    },
    "flow-bin": {
      "version": "https://registry.npmjs.org/flow-bin/-/flow-bin-0.58.0.tgz",
      "integrity": "sha1-YtWndliUGeVlaACg5SMKXlhcpl4="
    },
    "foreach": {
      "version": "2.0.5",
      "resolved": "https://registry.npmjs.org/foreach/-/foreach-2.0.5.tgz",
      "integrity": "sha1-C+4AUBiusmDQo6865ljdATbsG5k=",
      "dev": true
    },
    "function-bind": {
      "version": "1.1.1",
      "resolved": "https://registry.npmjs.org/function-bind/-/function-bind-1.1.1.tgz",
      "integrity": "sha512-yIovAzMX49sF8Yl58fSCWJ5svSLuaibPxXQJFLmBObTuCr0Mf1KiPopGM9NiFjiYBCbfaa2Fh6breQ6ANVTI0A==",
      "dev": true
    },
    "function.prototype.name": {
      "version": "https://registry.npmjs.org/function.prototype.name/-/function.prototype.name-1.0.3.tgz",
      "integrity": "sha1-AJmuVXLp3W8DyX0CP9krzF5jnqw=",
      "dev": true,
      "requires": {
        "define-properties": "1.1.2",
        "function-bind": "1.1.1",
        "is-callable": "1.1.3"
      }
    },
    "global": {
      "version": "https://registry.npmjs.org/global/-/global-4.3.2.tgz",
      "integrity": "sha1-52mJJopsdMOJCLEwWxD8DjlOnQ8=",
      "requires": {
        "min-document": "https://registry.npmjs.org/min-document/-/min-document-2.19.0.tgz",
        "process": "https://registry.npmjs.org/process/-/process-0.5.2.tgz"
      },
      "dependencies": {
        "process": {
          "version": "https://registry.npmjs.org/process/-/process-0.5.2.tgz",
          "integrity": "sha1-FjjYqONML0QKkduVq5rrZ3/Bhc8="
        }
      }
    },
    "has": {
      "version": "1.0.1",
      "resolved": "https://registry.npmjs.org/has/-/has-1.0.1.tgz",
      "integrity": "sha1-hGFzP1OLCDfJNh45qauelwTcLyg=",
      "dev": true,
      "requires": {
        "function-bind": "1.1.1"
      }
    },
    "history": {
      "version": "https://registry.npmjs.org/history/-/history-4.7.2.tgz",
      "integrity": "sha1-IrXH8xYzxbgCHH9KipVKwTnujVs=",
      "requires": {
        "invariant": "2.2.2",
        "loose-envify": "1.3.1",
        "resolve-pathname": "https://registry.npmjs.org/resolve-pathname/-/resolve-pathname-2.2.0.tgz",
        "value-equal": "https://registry.npmjs.org/value-equal/-/value-equal-0.4.0.tgz",
        "warning": "https://registry.npmjs.org/warning/-/warning-3.0.0.tgz"
      }
    },
    "hoist-non-react-statics": {
      "version": "https://registry.npmjs.org/hoist-non-react-statics/-/hoist-non-react-statics-2.3.1.tgz",
      "integrity": "sha1-ND24TGAYxlB3iJgkATWhQg7iLOA="
    },
    "iconv-lite": {
      "version": "0.4.19",
      "resolved": "https://registry.npmjs.org/iconv-lite/-/iconv-lite-0.4.19.tgz",
      "integrity": "sha512-oTZqweIP51xaGPI4uPa56/Pri/480R+mo7SeU+YETByQNhDG55ycFyNLIgta9vXhILrxXDmF7ZGhqZIcuN0gJQ=="
    },
    "invariant": {
      "version": "2.2.2",
      "resolved": "https://registry.npmjs.org/invariant/-/invariant-2.2.2.tgz",
      "integrity": "sha1-nh9WrArNtr8wMwbzOL47IErmA2A=",
      "requires": {
        "loose-envify": "1.3.1"
      }
    },
    "is-callable": {
      "version": "1.1.3",
      "resolved": "https://registry.npmjs.org/is-callable/-/is-callable-1.1.3.tgz",
      "integrity": "sha1-hut1OSgF3cM69xySoO7fdO52BLI=",
      "dev": true
    },
    "is-date-object": {
      "version": "1.0.1",
      "resolved": "https://registry.npmjs.org/is-date-object/-/is-date-object-1.0.1.tgz",
      "integrity": "sha1-mqIOtq7rv/d/vTPnTKAbM1gdOhY=",
      "dev": true
    },
    "is-function": {
      "version": "https://registry.npmjs.org/is-function/-/is-function-1.0.1.tgz",
      "integrity": "sha1-Es+5i2W1fdPRk6MSH19uL0N2ArU="
    },
    "is-in-browser": {
      "version": "https://registry.npmjs.org/is-in-browser/-/is-in-browser-1.1.3.tgz",
      "integrity": "sha1-Vv9NtoOgeMYILrldrX3GLh0E+DU="
    },
    "is-plain-object": {
      "version": "https://registry.npmjs.org/is-plain-object/-/is-plain-object-2.0.4.tgz",
      "integrity": "sha1-LBY7P6+xtgbZ0Xko8FwqHDjgdnc=",
      "requires": {
        "isobject": "https://registry.npmjs.org/isobject/-/isobject-3.0.1.tgz"
      },
      "dependencies": {
        "isobject": {
          "version": "https://registry.npmjs.org/isobject/-/isobject-3.0.1.tgz",
          "integrity": "sha1-TkMekrEalzFjaqH5yNHMvP2reN8="
        }
      }
    },
    "is-regex": {
      "version": "1.0.4",
      "resolved": "https://registry.npmjs.org/is-regex/-/is-regex-1.0.4.tgz",
      "integrity": "sha1-VRdIm1RwkbCTDglWVM7SXul+lJE=",
      "dev": true,
      "requires": {
        "has": "1.0.1"
      }
    },
    "is-stream": {
      "version": "1.1.0",
      "resolved": "https://registry.npmjs.org/is-stream/-/is-stream-1.1.0.tgz",
      "integrity": "sha1-EtSj3U5o4Lec6428hBc66A2RykQ="
    },
    "is-subset": {
      "version": "https://registry.npmjs.org/is-subset/-/is-subset-0.1.1.tgz",
      "integrity": "sha1-ilkRfZMt4d4A8kX83TnOQ/HpOaY=",
      "dev": true
    },
    "is-symbol": {
      "version": "1.0.1",
      "resolved": "https://registry.npmjs.org/is-symbol/-/is-symbol-1.0.1.tgz",
      "integrity": "sha1-PMWfAAJRlLarLjjbrmaJJWtmBXI=",
      "dev": true
    },
    "isarray": {
      "version": "1.0.0",
      "resolved": "https://registry.npmjs.org/isarray/-/isarray-1.0.0.tgz",
      "integrity": "sha1-u5NdSFgsuhaMBoNJV6VKPgcSTxE=",
      "dev": true
    },
    "isomorphic-fetch": {
      "version": "2.2.1",
      "resolved": "https://registry.npmjs.org/isomorphic-fetch/-/isomorphic-fetch-2.2.1.tgz",
      "integrity": "sha1-YRrhrPFPXoH3KVB0coGf6XM1WKk=",
      "requires": {
        "node-fetch": "1.7.3",
        "whatwg-fetch": "2.0.3"
      }
    },
    "js-tokens": {
      "version": "3.0.2",
      "resolved": "https://registry.npmjs.org/js-tokens/-/js-tokens-3.0.2.tgz",
      "integrity": "sha1-mGbfOVECEw449/mWvOtlRDIJwls="
    },
    "jss": {
      "version": "https://registry.npmjs.org/jss/-/jss-8.1.0.tgz",
      "integrity": "sha1-sy8V78ziJEbf2kwr4JoE84Qx2go=",
      "requires": {
        "is-in-browser": "https://registry.npmjs.org/is-in-browser/-/is-in-browser-1.1.3.tgz",
        "warning": "https://registry.npmjs.org/warning/-/warning-3.0.0.tgz"
      }
    },
    "jss-camel-case": {
      "version": "https://registry.npmjs.org/jss-camel-case/-/jss-camel-case-5.0.0.tgz",
      "integrity": "sha1-iGwf5WqKEVd0VNaotBM8qmwfU6A="
    },
    "jss-compose": {
      "version": "https://registry.npmjs.org/jss-compose/-/jss-compose-4.0.0.tgz",
      "integrity": "sha1-8BCejoMBomeCeTAcJFI9vHYRW5s=",
      "requires": {
        "warning": "https://registry.npmjs.org/warning/-/warning-3.0.0.tgz"
      }
    },
    "jss-default-unit": {
      "version": "https://registry.npmjs.org/jss-default-unit/-/jss-default-unit-7.0.0.tgz",
      "integrity": "sha1-F2wduR2ocOOtFjAfb0tM/G/h6Qo="
    },
    "jss-expand": {
      "version": "https://registry.npmjs.org/jss-expand/-/jss-expand-4.0.1.tgz",
      "integrity": "sha1-6MUOCsQuf+ttyvASEvZgcZPBroA="
    },
    "jss-extend": {
      "version": "https://registry.npmjs.org/jss-extend/-/jss-extend-5.0.0.tgz",
      "integrity": "sha1-CKHUAV0F3+AR46KBRX1HEiaGU4c=",
      "requires": {
        "warning": "https://registry.npmjs.org/warning/-/warning-3.0.0.tgz"
      }
    },
    "jss-global": {
      "version": "https://registry.npmjs.org/jss-global/-/jss-global-2.0.0.tgz",
      "integrity": "sha1-oWL4IvF+XXYBUdkIvbQdfygkwo8="
    },
    "jss-nested": {
      "version": "https://registry.npmjs.org/jss-nested/-/jss-nested-5.0.0.tgz",
      "integrity": "sha1-wHUvMfLUZRENfeasg1g9vtZp+qA=",
      "requires": {
        "warning": "https://registry.npmjs.org/warning/-/warning-3.0.0.tgz"
      }
    },
    "jss-preset-default": {
      "version": "https://registry.npmjs.org/jss-preset-default/-/jss-preset-default-3.0.0.tgz",
      "integrity": "sha1-5D7hrFJvaJuvK/0orpWm/cOgJmM=",
      "requires": {
        "jss-camel-case": "https://registry.npmjs.org/jss-camel-case/-/jss-camel-case-5.0.0.tgz",
        "jss-compose": "https://registry.npmjs.org/jss-compose/-/jss-compose-4.0.0.tgz",
        "jss-default-unit": "https://registry.npmjs.org/jss-default-unit/-/jss-default-unit-7.0.0.tgz",
        "jss-expand": "https://registry.npmjs.org/jss-expand/-/jss-expand-4.0.1.tgz",
        "jss-extend": "https://registry.npmjs.org/jss-extend/-/jss-extend-5.0.0.tgz",
        "jss-global": "https://registry.npmjs.org/jss-global/-/jss-global-2.0.0.tgz",
        "jss-nested": "https://registry.npmjs.org/jss-nested/-/jss-nested-5.0.0.tgz",
        "jss-props-sort": "https://registry.npmjs.org/jss-props-sort/-/jss-props-sort-5.0.0.tgz",
        "jss-vendor-prefixer": "https://registry.npmjs.org/jss-vendor-prefixer/-/jss-vendor-prefixer-6.0.0.tgz"
      }
    },
    "jss-props-sort": {
      "version": "https://registry.npmjs.org/jss-props-sort/-/jss-props-sort-5.0.0.tgz",
      "integrity": "sha1-iDnIhDP2TowdqxpwaHlvGbhPkZU="
    },
    "jss-vendor-prefixer": {
      "version": "https://registry.npmjs.org/jss-vendor-prefixer/-/jss-vendor-prefixer-6.0.0.tgz",
      "integrity": "sha1-vlgSTwy+126YzI61IZ27Jg8FfQs=",
      "requires": {
        "css-vendor": "https://registry.npmjs.org/css-vendor/-/css-vendor-0.3.8.tgz"
      }
    },
    "keycode": {
      "version": "https://registry.npmjs.org/keycode/-/keycode-2.1.9.tgz",
      "integrity": "sha1-lkojxU5IiUBbSGGlyfBIDUUUHfo="
    },
    "lodash": {
      "version": "4.17.4",
      "resolved": "https://registry.npmjs.org/lodash/-/lodash-4.17.4.tgz",
      "integrity": "sha1-eCA6TRwyiuHYbcpkYONptX9AVa4="
    },
    "lodash.flattendeep": {
      "version": "https://registry.npmjs.org/lodash.flattendeep/-/lodash.flattendeep-4.4.0.tgz",
      "integrity": "sha1-+wMJF/hqMTTlvJvsDWngAT3f7bI=",
      "dev": true
    },
    "loose-envify": {
      "version": "1.3.1",
      "resolved": "https://registry.npmjs.org/loose-envify/-/loose-envify-1.3.1.tgz",
      "integrity": "sha1-0aitM/qc4OcT1l/dCsi3SNR4yEg=",
      "requires": {
        "js-tokens": "3.0.2"
      }
    },
    "material-ui": {
      "version": "https://registry.npmjs.org/material-ui/-/material-ui-1.0.0-beta.20.tgz",
      "integrity": "sha1-uNmnn4gFbNEibwuL02rfr5qNMw8=",
      "requires": {
        "babel-runtime": "6.26.0",
        "brcast": "https://registry.npmjs.org/brcast/-/brcast-3.0.1.tgz",
        "classnames": "https://registry.npmjs.org/classnames/-/classnames-2.2.5.tgz",
        "deepmerge": "https://registry.npmjs.org/deepmerge/-/deepmerge-2.0.1.tgz",
        "dom-helpers": "https://registry.npmjs.org/dom-helpers/-/dom-helpers-3.2.1.tgz",
        "hoist-non-react-statics": "https://registry.npmjs.org/hoist-non-react-statics/-/hoist-non-react-statics-2.3.1.tgz",
        "jss": "https://registry.npmjs.org/jss/-/jss-8.1.0.tgz",
        "jss-preset-default": "https://registry.npmjs.org/jss-preset-default/-/jss-preset-default-3.0.0.tgz",
        "keycode": "https://registry.npmjs.org/keycode/-/keycode-2.1.9.tgz",
        "lodash": "4.17.4",
        "normalize-scroll-left": "https://registry.npmjs.org/normalize-scroll-left/-/normalize-scroll-left-0.1.2.tgz",
        "prop-types": "15.6.0",
        "react-event-listener": "https://registry.npmjs.org/react-event-listener/-/react-event-listener-0.5.1.tgz",
        "react-flow-types": "https://registry.npmjs.org/react-flow-types/-/react-flow-types-0.2.0-beta.3.tgz",
        "react-jss": "https://registry.npmjs.org/react-jss/-/react-jss-7.2.0.tgz",
        "react-popper": "https://registry.npmjs.org/react-popper/-/react-popper-0.7.4.tgz",
        "react-scrollbar-size": "https://registry.npmjs.org/react-scrollbar-size/-/react-scrollbar-size-2.0.2.tgz",
        "react-transition-group": "https://registry.npmjs.org/react-transition-group/-/react-transition-group-2.2.1.tgz",
        "recompose": "https://registry.npmjs.org/recompose/-/recompose-0.26.0.tgz",
        "scroll": "https://registry.npmjs.org/scroll/-/scroll-2.0.1.tgz",
        "warning": "https://registry.npmjs.org/warning/-/warning-3.0.0.tgz"
      }
    },
    "material-ui-icons": {
      "version": "1.0.0-beta.17",
      "resolved": "https://registry.npmjs.org/material-ui-icons/-/material-ui-icons-1.0.0-beta.17.tgz",
      "integrity": "sha1-XxmvVKLZnu7zR6VUFKaFPhyFDcM=",
      "requires": {
        "recompose": "https://registry.npmjs.org/recompose/-/recompose-0.26.0.tgz"
      }
    },
    "min-document": {
      "version": "https://registry.npmjs.org/min-document/-/min-document-2.19.0.tgz",
      "integrity": "sha1-e9KC4/WELtKVu3SM3Z8f+iyCRoU=",
      "requires": {
        "dom-walk": "https://registry.npmjs.org/dom-walk/-/dom-walk-0.1.1.tgz"
      }
    },
    "nearley": {
      "version": "https://registry.npmjs.org/nearley/-/nearley-2.11.0.tgz",
      "integrity": "sha1-XmJseabNL2q55+XVgF52aJZ3V64=",
      "dev": true,
      "requires": {
        "nomnom": "https://registry.npmjs.org/nomnom/-/nomnom-1.6.2.tgz",
        "railroad-diagrams": "https://registry.npmjs.org/railroad-diagrams/-/railroad-diagrams-1.0.0.tgz",
        "randexp": "https://registry.npmjs.org/randexp/-/randexp-0.4.6.tgz"
      }
    },
    "node-fetch": {
      "version": "1.7.3",
      "resolved": "https://registry.npmjs.org/node-fetch/-/node-fetch-1.7.3.tgz",
      "integrity": "sha512-NhZ4CsKx7cYm2vSrBAr2PvFOe6sWDf0UYLRqA6svUYg7+/TSfVAu49jYC4BvQ4Sms9SZgdqGBgroqfDhJdTyKQ==",
      "requires": {
        "encoding": "0.1.12",
        "is-stream": "1.1.0"
      }
    },
    "nomnom": {
      "version": "https://registry.npmjs.org/nomnom/-/nomnom-1.6.2.tgz",
      "integrity": "sha1-hKZqJgF0QI/Ft3oY+IjszET7aXE=",
      "dev": true,
      "requires": {
        "colors": "https://registry.npmjs.org/colors/-/colors-0.5.1.tgz",
        "underscore": "https://registry.npmjs.org/underscore/-/underscore-1.4.4.tgz"
      },
      "dependencies": {
        "colors": {
          "version": "https://registry.npmjs.org/colors/-/colors-0.5.1.tgz",
          "integrity": "sha1-fQAj6usVTo7p/Oddy5I9DtFmd3Q=",
          "dev": true
        }
      }
    },
    "normalize-scroll-left": {
      "version": "https://registry.npmjs.org/normalize-scroll-left/-/normalize-scroll-left-0.1.2.tgz",
      "integrity": "sha1-a3lpG6eetfsQf6Xt+9wGtVyu4qo="
    },
    "nth-check": {
      "version": "1.0.1",
      "resolved": "https://registry.npmjs.org/nth-check/-/nth-check-1.0.1.tgz",
      "integrity": "sha1-mSms32KPwsQQmN6rgqxYDPFJquQ=",
      "dev": true,
      "requires": {
        "boolbase": "1.0.0"
      }
    },
    "object-assign": {
      "version": "4.1.1",
      "resolved": "https://registry.npmjs.org/object-assign/-/object-assign-4.1.1.tgz",
      "integrity": "sha1-IQmtx5ZYh8/AXLvUQsrIv7s2CGM="
    },
    "object-is": {
      "version": "https://registry.npmjs.org/object-is/-/object-is-1.0.1.tgz",
      "integrity": "sha1-CqYOyZiaCz7Xlc9NBvYs8a1lObY=",
      "dev": true
    },
    "object-keys": {
      "version": "1.0.11",
      "resolved": "https://registry.npmjs.org/object-keys/-/object-keys-1.0.11.tgz",
      "integrity": "sha1-xUYBd4rVYPEULODgG8yotW0TQm0=",
      "dev": true
    },
    "object.assign": {
      "version": "https://registry.npmjs.org/object.assign/-/object.assign-4.0.4.tgz",
      "integrity": "sha1-scnMBE7xuf5jYG/BQau7MuFHMMw=",
      "dev": true,
      "requires": {
        "define-properties": "1.1.2",
        "function-bind": "1.1.1",
        "object-keys": "1.0.11"
      }
    },
    "object.entries": {
      "version": "https://registry.npmjs.org/object.entries/-/object.entries-1.0.4.tgz",
      "integrity": "sha1-G/mk3SKI9bM/Opk9JXZh8F0WGl8=",
      "dev": true,
      "requires": {
        "define-properties": "1.1.2",
        "es-abstract": "1.9.0",
        "function-bind": "1.1.1",
        "has": "1.0.1"
      }
    },
    "object.values": {
      "version": "https://registry.npmjs.org/object.values/-/object.values-1.0.4.tgz",
      "integrity": "sha1-5STaCbT2b/Bd9FdUbscqyZ8TBpo=",
      "dev": true,
      "requires": {
        "define-properties": "1.1.2",
        "es-abstract": "1.9.0",
        "function-bind": "1.1.1",
        "has": "1.0.1"
      }
    },
    "performance-now": {
      "version": "2.1.0",
      "resolved": "https://registry.npmjs.org/performance-now/-/performance-now-2.1.0.tgz",
      "integrity": "sha1-Ywn04OX6kT7BxpMHrjZLSzd8nns=",
      "dev": true
    },
    "popper.js": {
      "version": "https://registry.npmjs.org/popper.js/-/popper.js-1.12.6.tgz",
      "integrity": "sha1-keEql7B4FSWLdpFdZAROisBT1CY="
    },
    "process-nextick-args": {
      "version": "1.0.7",
      "resolved": "https://registry.npmjs.org/process-nextick-args/-/process-nextick-args-1.0.7.tgz",
      "integrity": "sha1-FQ4gt1ZZCtP5EJPyWk8q2L/zC6M=",
      "dev": true
    },
    "promise": {
      "version": "7.3.1",
      "resolved": "https://registry.npmjs.org/promise/-/promise-7.3.1.tgz",
      "integrity": "sha512-nolQXZ/4L+bP/UGlkfaIujX9BKxGwmQ9OT4mOt5yvy8iK1h3wqTEJCijzGANTCCl9nWjY41juyAn2K3Q1hLLTg==",
      "requires": {
        "asap": "2.0.6"
      }
    },
    "prop-types": {
      "version": "15.6.0",
      "resolved": "https://registry.npmjs.org/prop-types/-/prop-types-15.6.0.tgz",
      "integrity": "sha1-zq8IMCL8RrSjX2nhPvda7Q1jmFY=",
      "requires": {
        "fbjs": "0.8.16",
        "loose-envify": "1.3.1",
        "object-assign": "4.1.1"
      }
    },
    "raf": {
      "version": "3.4.0",
      "resolved": "https://registry.npmjs.org/raf/-/raf-3.4.0.tgz",
      "integrity": "sha512-pDP/NMRAXoTfrhCfyfSEwJAKLaxBU9eApMeBPB1TkDouZmvPerIClV8lTAd+uF8ZiTaVl69e1FCxQrAd/VTjGw==",
      "dev": true,
      "requires": {
        "performance-now": "2.1.0"
      }
    },
    "rafl": {
      "version": "https://registry.npmjs.org/rafl/-/rafl-1.2.2.tgz",
      "integrity": "sha1-/pMPdYIRAg1H44gV9Rlqi+QVB0A=",
      "requires": {
        "global": "https://registry.npmjs.org/global/-/global-4.3.2.tgz"
      }
    },
    "railroad-diagrams": {
      "version": "https://registry.npmjs.org/railroad-diagrams/-/railroad-diagrams-1.0.0.tgz",
      "integrity": "sha1-635iZ1SN3t+4mcG5Dlc3RVnN234=",
      "dev": true
    },
    "randexp": {
      "version": "https://registry.npmjs.org/randexp/-/randexp-0.4.6.tgz",
      "integrity": "sha1-6YatXl4x2uE93W97MBmqfIf2DKM=",
      "dev": true,
      "requires": {
        "discontinuous-range": "https://registry.npmjs.org/discontinuous-range/-/discontinuous-range-1.0.0.tgz",
        "ret": "https://registry.npmjs.org/ret/-/ret-0.1.15.tgz"
      }
    },
    "react-event-listener": {
      "version": "https://registry.npmjs.org/react-event-listener/-/react-event-listener-0.5.1.tgz",
      "integrity": "sha1-ujYHbke8N8Wmf/XM1Kn/DxViEEA=",
      "requires": {
        "babel-runtime": "6.26.0",
        "fbjs": "0.8.16",
        "prop-types": "15.6.0",
        "warning": "https://registry.npmjs.org/warning/-/warning-3.0.0.tgz"
      }
    },
    "react-flow-types": {
      "version": "https://registry.npmjs.org/react-flow-types/-/react-flow-types-0.2.0-beta.3.tgz",
      "integrity": "sha1-k+fjyVp1oalB3gW51yh+PKaHEEY="
    },
    "react-jss": {
      "version": "https://registry.npmjs.org/react-jss/-/react-jss-7.2.0.tgz",
      "integrity": "sha1-MKXtUdg4ijN2fG0ZeQsiLB8z9I8=",
      "requires": {
        "hoist-non-react-statics": "https://registry.npmjs.org/hoist-non-react-statics/-/hoist-non-react-statics-1.2.0.tgz",
        "jss": "https://registry.npmjs.org/jss/-/jss-8.1.0.tgz",
        "jss-preset-default": "https://registry.npmjs.org/jss-preset-default/-/jss-preset-default-3.0.0.tgz",
        "prop-types": "15.6.0",
        "theming": "https://registry.npmjs.org/theming/-/theming-1.1.0.tgz"
      },
      "dependencies": {
        "hoist-non-react-statics": {
          "version": "https://registry.npmjs.org/hoist-non-react-statics/-/hoist-non-react-statics-1.2.0.tgz",
          "integrity": "sha1-qkSM8JhtVcxAdzsXF0t90GbLfPs="
        }
      }
    },
    "react-popper": {
      "version": "https://registry.npmjs.org/react-popper/-/react-popper-0.7.4.tgz",
      "integrity": "sha1-hknVOYN+fG9HvJskyc9XpAThmaE=",
      "requires": {
        "popper.js": "https://registry.npmjs.org/popper.js/-/popper.js-1.12.6.tgz",
        "prop-types": "15.6.0"
      }
    },
    "react-router": {
      "version": "https://registry.npmjs.org/react-router/-/react-router-4.2.0.tgz",
      "integrity": "sha1-Yfez43cNrrJAYtrj7t7xsFQVWYY=",
      "requires": {
        "history": "https://registry.npmjs.org/history/-/history-4.7.2.tgz",
        "hoist-non-react-statics": "https://registry.npmjs.org/hoist-non-react-statics/-/hoist-non-react-statics-2.3.1.tgz",
        "invariant": "2.2.2",
        "loose-envify": "1.3.1",
        "path-to-regexp": "https://registry.npmjs.org/path-to-regexp/-/path-to-regexp-1.7.0.tgz",
        "prop-types": "15.6.0",
        "warning": "https://registry.npmjs.org/warning/-/warning-3.0.0.tgz"
      },
      "dependencies": {
        "isarray": {
          "version": "https://registry.npmjs.org/isarray/-/isarray-0.0.1.tgz",
          "integrity": "sha1-ihis/Kmo9Bd+Cav8YDiTmwXR7t8="
        },
        "path-to-regexp": {
          "version": "https://registry.npmjs.org/path-to-regexp/-/path-to-regexp-1.7.0.tgz",
          "integrity": "sha1-Wf3g9DW62suhA6hOnTvGTpa5k30=",
          "requires": {
            "isarray": "https://registry.npmjs.org/isarray/-/isarray-0.0.1.tgz"
          }
        }
      }
    },
    "react-router-dom": {
      "version": "https://registry.npmjs.org/react-router-dom/-/react-router-dom-4.2.2.tgz",
      "integrity": "sha1-yKgd863Fi7qKdngulGy9Tq5km40=",
      "requires": {
        "history": "https://registry.npmjs.org/history/-/history-4.7.2.tgz",
        "invariant": "2.2.2",
        "loose-envify": "1.3.1",
        "prop-types": "15.6.0",
        "react-router": "https://registry.npmjs.org/react-router/-/react-router-4.2.0.tgz",
        "warning": "https://registry.npmjs.org/warning/-/warning-3.0.0.tgz"
      }
    },
    "react-scrollbar-size": {
      "version": "https://registry.npmjs.org/react-scrollbar-size/-/react-scrollbar-size-2.0.2.tgz",
      "integrity": "sha1-I33Qkfo53sjjpvcggHeHcDxev54=",
      "requires": {
        "babel-runtime": "6.26.0",
        "prop-types": "15.6.0",
        "react-event-listener": "https://registry.npmjs.org/react-event-listener/-/react-event-listener-0.5.1.tgz"
      }
    },
    "react-transition-group": {
      "version": "https://registry.npmjs.org/react-transition-group/-/react-transition-group-2.2.1.tgz",
      "integrity": "sha1-6ftne3nmRV/TkbA4I6/oSEnfShA=",
      "requires": {
        "chain-function": "https://registry.npmjs.org/chain-function/-/chain-function-1.0.0.tgz",
        "classnames": "https://registry.npmjs.org/classnames/-/classnames-2.2.5.tgz",
        "dom-helpers": "https://registry.npmjs.org/dom-helpers/-/dom-helpers-3.2.1.tgz",
        "loose-envify": "1.3.1",
        "prop-types": "15.6.0",
        "warning": "https://registry.npmjs.org/warning/-/warning-3.0.0.tgz"
      }
    },
    "recompose": {
      "version": "https://registry.npmjs.org/recompose/-/recompose-0.26.0.tgz",
      "integrity": "sha1-m6v/A5y3K6W9FzZtVdcjL737LTA=",
      "requires": {
        "change-emitter": "https://registry.npmjs.org/change-emitter/-/change-emitter-0.1.6.tgz",
        "fbjs": "0.8.16",
        "hoist-non-react-statics": "https://registry.npmjs.org/hoist-non-react-statics/-/hoist-non-react-statics-2.3.1.tgz",
        "symbol-observable": "https://registry.npmjs.org/symbol-observable/-/symbol-observable-1.0.4.tgz"
      }
    },
    "regenerator-runtime": {
      "version": "0.11.0",
      "resolved": "https://registry.npmjs.org/regenerator-runtime/-/regenerator-runtime-0.11.0.tgz",
      "integrity": "sha512-/aA0kLeRb5N9K0d4fw7ooEbI+xDe+DKD499EQqygGqeS8N3xto15p09uY2xj7ixP81sNPXvRLnAQIqdVStgb1A=="
    },
    "resolve-pathname": {
      "version": "https://registry.npmjs.org/resolve-pathname/-/resolve-pathname-2.2.0.tgz",
      "integrity": "sha1-fpriHtgV/WOrGJre7mTcgx7vqHk="
    },
    "ret": {
      "version": "https://registry.npmjs.org/ret/-/ret-0.1.15.tgz",
      "integrity": "sha1-uKSCXVvbH8P29Twrwz+BOIaBx7w=",
      "dev": true
    },
    "rst-selector-parser": {
      "version": "https://registry.npmjs.org/rst-selector-parser/-/rst-selector-parser-2.2.3.tgz",
      "integrity": "sha1-gbIw6i/MYGbInjRy3nlChdmwPZE=",
      "dev": true,
      "requires": {
        "lodash.flattendeep": "https://registry.npmjs.org/lodash.flattendeep/-/lodash.flattendeep-4.4.0.tgz",
        "nearley": "https://registry.npmjs.org/nearley/-/nearley-2.11.0.tgz"
      }
    },
    "safe-buffer": {
      "version": "5.1.1",
      "resolved": "https://registry.npmjs.org/safe-buffer/-/safe-buffer-5.1.1.tgz",
      "integrity": "sha512-kKvNJn6Mm93gAczWVJg7wH+wGYWNrDHdWvpUmHyEsgCtIwwo3bqPtV4tR5tuPaUhTOo/kvhVwd8XwwOllGYkbg==",
      "dev": true
    },
    "scroll": {
      "version": "https://registry.npmjs.org/scroll/-/scroll-2.0.1.tgz",
      "integrity": "sha1-tMfSfovPOuiligQvJyaK4/VfnM0=",
      "requires": {
        "rafl": "https://registry.npmjs.org/rafl/-/rafl-1.2.2.tgz"
      }
    },
    "setimmediate": {
      "version": "1.0.5",
      "resolved": "https://registry.npmjs.org/setimmediate/-/setimmediate-1.0.5.tgz",
      "integrity": "sha1-KQy7Iy4waULX1+qbg3Mqt4VvgoU="
    },
    "string_decoder": {
      "version": "1.0.3",
      "resolved": "https://registry.npmjs.org/string_decoder/-/string_decoder-1.0.3.tgz",
      "integrity": "sha512-4AH6Z5fzNNBcH+6XDMfA/BTt87skxqJlO0lAh3Dker5zThcAxG6mKz+iGu308UKoPPQ8Dcqx/4JhujzltRa+hQ==",
      "dev": true,
      "requires": {
        "safe-buffer": "5.1.1"
      }
    },
    "symbol-observable": {
      "version": "https://registry.npmjs.org/symbol-observable/-/symbol-observable-1.0.4.tgz",
      "integrity": "sha1-Kb9hXUqnEhvdiYsi1LP5vE4qoD0="
    },
    "theming": {
      "version": "https://registry.npmjs.org/theming/-/theming-1.1.0.tgz",
      "integrity": "sha1-BWJ2C1WhuRnC1e65QTA1H4lY4To=",
      "requires": {
        "brcast": "https://registry.npmjs.org/brcast/-/brcast-2.0.2.tgz",
        "is-function": "https://registry.npmjs.org/is-function/-/is-function-1.0.1.tgz",
        "is-plain-object": "https://registry.npmjs.org/is-plain-object/-/is-plain-object-2.0.4.tgz",
        "prop-types": "15.6.0",
        "react": "https://registry.npmjs.org/react/-/react-15.6.2.tgz"
      },
      "dependencies": {
        "brcast": {
          "version": "https://registry.npmjs.org/brcast/-/brcast-2.0.2.tgz",
          "integrity": "sha1-LbFt5EFA5BjcN/qxC+7ANp543O8="
        },
        "react": {
          "version": "https://registry.npmjs.org/react/-/react-15.6.2.tgz",
          "integrity": "sha1-26BDSrQ5z+gvEI8PURZjkIF5qnI=",
          "requires": {
            "create-react-class": "https://registry.npmjs.org/create-react-class/-/create-react-class-15.6.2.tgz",
            "fbjs": "0.8.16",
            "loose-envify": "1.3.1",
            "object-assign": "4.1.1",
            "prop-types": "15.6.0"
          }
        }
      }
    },
    "ua-parser-js": {
      "version": "0.7.17",
      "resolved": "https://registry.npmjs.org/ua-parser-js/-/ua-parser-js-0.7.17.tgz",
      "integrity": "sha512-uRdSdu1oA1rncCQL7sCj8vSyZkgtL7faaw9Tc9rZ3mGgraQ7+Pdx7w5mnOSF3gw9ZNG6oc+KXfkon3bKuROm0g=="
    },
    "underscore": {
      "version": "https://registry.npmjs.org/underscore/-/underscore-1.4.4.tgz",
      "integrity": "sha1-YaajIBBiKvoHljvzJSA88SI51gQ=",
      "dev": true
    },
    "util-deprecate": {
      "version": "1.0.2",
      "resolved": "https://registry.npmjs.org/util-deprecate/-/util-deprecate-1.0.2.tgz",
      "integrity": "sha1-RQ1Nyfpw3nMnYvvS1KKJgUGaDM8=",
      "dev": true
    },
    "value-equal": {
      "version": "https://registry.npmjs.org/value-equal/-/value-equal-0.4.0.tgz",
      "integrity": "sha1-xb3S9U7gk8BIOdcc4uR1imiQq8c="
    },
    "warning": {
      "version": "https://registry.npmjs.org/warning/-/warning-3.0.0.tgz",
      "integrity": "sha1-MuU3fLVy3kqwR1O9+IIcAe1gW3w=",
      "requires": {
        "loose-envify": "1.3.1"
      }
    },
    "whatwg-fetch": {
      "version": "2.0.3",
      "resolved": "https://registry.npmjs.org/whatwg-fetch/-/whatwg-fetch-2.0.3.tgz",
      "integrity": "sha1-nITsLc9oGH/wC8ZOEnS0QhduHIQ="
    }
  }
}
